// !$*UTF8*$!
{
	archiveVersion = 1;
	classes = {
	};
	objectVersion = 46;
	objects = {

/* Begin PBXBuildFile section */
		A849BEF61E0D73A5006F7655 /* main.swift in Sources */ = {isa = PBXBuildFile; fileRef = A849BEF51E0D73A5006F7655 /* main.swift */; };
		A849BEFD1E0D7453006F7655 /* MaxSum.swift in Sources */ = {isa = PBXBuildFile; fileRef = A849BEFC1E0D7453006F7655 /* MaxSum.swift */; };
		A86E36A81E14F1B3007DEE4A /* ReversePairs.swift in Sources */ = {isa = PBXBuildFile; fileRef = A86E36A71E14F1B3007DEE4A /* ReversePairs.swift */; };
		A88048DE1E1BC155008BA46F /* SearchNumber.swift in Sources */ = {isa = PBXBuildFile; fileRef = A88048DD1E1BC155008BA46F /* SearchNumber.swift */; };
		A88048E01E1BD354008BA46F /* SearchSum.swift in Sources */ = {isa = PBXBuildFile; fileRef = A88048DF1E1BD354008BA46F /* SearchSum.swift */; };
		A8CA93C11E264AA200F2E4F5 /* Dices.swift in Sources */ = {isa = PBXBuildFile; fileRef = A8CA93C01E264AA200F2E4F5 /* Dices.swift */; };
		A8E6F0AC1E28B72200EBD082 /* PlayCard.swift in Sources */ = {isa = PBXBuildFile; fileRef = A8E6F0AB1E28B72200EBD082 /* PlayCard.swift */; };
		C57A3D511E0FDE1A00E05C27 /* MinSort.swift in Sources */ = {isa = PBXBuildFile; fileRef = C57A3D501E0FDE1A00E05C27 /* MinSort.swift */; };
/* End PBXBuildFile section */

/* Begin PBXCopyFilesBuildPhase section */
		A849BEF01E0D73A5006F7655 /* CopyFiles */ = {
			isa = PBXCopyFilesBuildPhase;
			buildActionMask = 2147483647;
			dstPath = /usr/share/man/man1/;
			dstSubfolderSpec = 0;
			files = (
			);
			runOnlyForDeploymentPostprocessing = 1;
		};
/* End PBXCopyFilesBuildPhase section */

/* Begin PBXFileReference section */
		A849BEF21E0D73A5006F7655 /* 9-Array */ = {isa = PBXFileReference; explicitFileType = "compiled.mach-o.executable"; includeInIndex = 0; path = "9-Array"; sourceTree = BUILT_PRODUCTS_DIR; };
		A849BEF51E0D73A5006F7655 /* main.swift */ = {isa = PBXFileReference; lastKnownFileType = sourcecode.swift; path = main.swift; sourceTree = "<group>"; };
		A849BEFC1E0D7453006F7655 /* MaxSum.swift */ = {isa = PBXFileReference; fileEncoding = 4; lastKnownFileType = sourcecode.swift; path = MaxSum.swift; sourceTree = "<group>"; };
		A86E36A71E14F1B3007DEE4A /* ReversePairs.swift */ = {isa = PBXFileReference; fileEncoding = 4; lastKnownFileType = sourcecode.swift; path = ReversePairs.swift; sourceTree = "<group>"; };
		A88048DD1E1BC155008BA46F /* SearchNumber.swift */ = {isa = PBXFileReference; fileEncoding = 4; lastKnownFileType = sourcecode.swift; path = SearchNumber.swift; sourceTree = "<group>"; };
		A88048DF1E1BD354008BA46F /* SearchSum.swift */ = {isa = PBXFileReference; fileEncoding = 4; lastKnownFileType = sourcecode.swift; path = SearchSum.swift; sourceTree = "<group>"; };
		A8CA93C01E264AA200F2E4F5 /* Dices.swift */ = {isa = PBXFileReference; fileEncoding = 4; lastKnownFileType = sourcecode.swift; path = Dices.swift; sourceTree = "<group>"; };
		A8E6F0AB1E28B72200EBD082 /* PlayCard.swift */ = {isa = PBXFileReference; fileEncoding = 4; lastKnownFileType = sourcecode.swift; path = PlayCard.swift; sourceTree = "<group>"; };
		C57A3D501E0FDE1A00E05C27 /* MinSort.swift */ = {isa = PBXFileReference; fileEncoding = 4; lastKnownFileType = sourcecode.swift; path = MinSort.swift; sourceTree = "<group>"; };
/* End PBXFileReference section */

/* Begin PBXFrameworksBuildPhase section */
		A849BEEF1E0D73A5006F7655 /* Frameworks */ = {
			isa = PBXFrameworksBuildPhase;
			buildActionMask = 2147483647;
			files = (
			);
			runOnlyForDeploymentPostprocessing = 0;
		};
/* End PBXFrameworksBuildPhase section */

/* Begin PBXGroup section */
		A849BEE91E0D73A5006F7655 = {
			isa = PBXGroup;
			children = (
				A849BEF41E0D73A5006F7655 /* 9-Array */,
				A849BEF31E0D73A5006F7655 /* Products */,
			);
			sourceTree = "<group>";
		};
		A849BEF31E0D73A5006F7655 /* Products */ = {
			isa = PBXGroup;
			children = (
				A849BEF21E0D73A5006F7655 /* 9-Array */,
			);
			name = Products;
			sourceTree = "<group>";
		};
		A849BEF41E0D73A5006F7655 /* 9-Array */ = {
			isa = PBXGroup;
			children = (
				A849BEF51E0D73A5006F7655 /* main.swift */,
				A849BEFC1E0D7453006F7655 /* MaxSum.swift */,
				C57A3D501E0FDE1A00E05C27 /* MinSort.swift */,
				A86E36A71E14F1B3007DEE4A /* ReversePairs.swift */,
				A88048DD1E1BC155008BA46F /* SearchNumber.swift */,
				A88048DF1E1BD354008BA46F /* SearchSum.swift */,
				A8CA93C01E264AA200F2E4F5 /* Dices.swift */,
				A8E6F0AB1E28B72200EBD082 /* PlayCard.swift */,
			);
			path = "9-Array";
			sourceTree = "<group>";
		};
/* End PBXGroup section */

/* Begin PBXNativeTarget section */
		A849BEF11E0D73A5006F7655 /* 9-Array */ = {
			isa = PBXNativeTarget;
			buildConfigurationList = A849BEF91E0D73A5006F7655 /* Build configuration list for PBXNativeTarget "9-Array" */;
			buildPhases = (
				A849BEEE1E0D73A5006F7655 /* Sources */,
				A849BEEF1E0D73A5006F7655 /* Frameworks */,
				A849BEF01E0D73A5006F7655 /* CopyFiles */,
			);
			buildRules = (
			);
			dependencies = (
			);
			name = "9-Array";
			productName = "9-Array";
			productReference = A849BEF21E0D73A5006F7655 /* 9-Array */;
			productType = "com.apple.product-type.tool";
		};
/* End PBXNativeTarget section */

/* Begin PBXProject section */
		A849BEEA1E0D73A5006F7655 /* Project object */ = {
			isa = PBXProject;
			attributes = {
				LastSwiftUpdateCheck = 0820;
				LastUpgradeCheck = 0820;
				ORGANIZATIONNAME = FlyElephant;
				TargetAttributes = {
					A849BEF11E0D73A5006F7655 = {
						CreatedOnToolsVersion = 8.2;
						ProvisioningStyle = Automatic;
					};
				};
			};
			buildConfigurationList = A849BEED1E0D73A5006F7655 /* Build configuration list for PBXProject "9-Array" */;
			compatibilityVersion = "Xcode 3.2";
			developmentRegion = English;
			hasScannedForEncodings = 0;
			knownRegions = (
				en,
			);
			mainGroup = A849BEE91E0D73A5006F7655;
			productRefGroup = A849BEF31E0D73A5006F7655 /* Products */;
			projectDirPath = "";
			projectRoot = "";
			targets = (
				A849BEF11E0D73A5006F7655 /* 9-Array */,
			);
		};
/* End PBXProject section */

/* Begin PBXSourcesBuildPhase section */
		A849BEEE1E0D73A5006F7655 /* Sources */ = {
			isa = PBXSourcesBuildPhase;
			buildActionMask = 2147483647;
			files = (
				A86E36A81E14F1B3007DEE4A /* ReversePairs.swift in Sources */,
				A8E6F0AC1E28B72200EBD082 /* PlayCard.swift in Sources */,
				A8CA93C11E264AA200F2E4F5 /* Dices.swift in Sources */,
				A849BEFD1E0D7453006F7655 /* MaxSum.swift in Sources */,
				A88048DE1E1BC155008BA46F /* SearchNumber.swift in Sources */,
				A849BEF61E0D73A5006F7655 /* main.swift in Sources */,
				C57A3D511E0FDE1A00E05C27 /* MinSort.swift in Sources */,
				A88048E01E1BD354008BA46F /* SearchSum.swift in Sources */,
			);
			runOnlyForDeploymentPostprocessing = 0;
		};
/* End PBXSourcesBuildPhase section */

/* Begin XCBuildConfiguration section */
		A849BEF71E0D73A5006F7655 /* Debug */ = {
			isa = XCBuildConfiguration;
			buildSettings = {
				ALWAYS_SEARCH_USER_PATHS = NO;
				CLANG_ANALYZER_NONNULL = YES;
				CLANG_CXX_LANGUAGE_STANDARD = "gnu++0x";
				CLANG_CXX_LIBRARY = "libc++";
				CLANG_ENABLE_MODULES = YES;
				CLANG_ENABLE_OBJC_ARC = YES;
				CLANG_WARN_BOOL_CONVERSION = YES;
				CLANG_WARN_CONSTANT_CONVERSION = YES;
				CLANG_WARN_DIRECT_OBJC_ISA_USAGE = YES_ERROR;
				CLANG_WARN_DOCUMENTATION_COMMENTS = YES;
				CLANG_WARN_EMPTY_BODY = YES;
				CLANG_WARN_ENUM_CONVERSION = YES;
				CLANG_WARN_INFINITE_RECURSION = YES;
				CLANG_WARN_INT_CONVERSION = YES;
				CLANG_WARN_OBJC_ROOT_CLASS = YES_ERROR;
				CLANG_WARN_SUSPICIOUS_MOVE = YES;
				CLANG_WARN_UNREACHABLE_CODE = YES;
				CLANG_WARN__DUPLICATE_METHOD_MATCH = YES;
				CODE_SIGN_IDENTITY = "-";
				COPY_PHASE_STRIP = NO;
				DEBUG_INFORMATION_FORMAT = dwarf;
				ENABLE_STRICT_OBJC_MSGSEND = YES;
				ENABLE_TESTABILITY = YES;
				GCC_C_LANGUAGE_STANDARD = gnu99;
				GCC_DYNAMIC_NO_PIC = NO;
				GCC_NO_COMMON_BLOCKS = YES;
				GCC_OPTIMIZATION_LEVEL = 0;
				GCC_PREPROCESSOR_DEFINITIONS = (
					"DEBUG=1",
					"$(inherited)",
				);
				GCC_WARN_64_TO_32_BIT_CONVERSION = YES;
				GCC_WARN_ABOUT_RETURN_TYPE = YES_ERROR;
				GCC_WARN_UNDECLARED_SELECTOR = YES;
				GCC_WARN_UNINITIALIZED_AUTOS = YES_AGGRESSIVE;
				GCC_WARN_UNUSED_FUNCTION = YES;
				GCC_WARN_UNUSED_VARIABLE = YES;
				MACOSX_DEPLOYMENT_TARGET = 10.11;
				MTL_ENABLE_DEBUG_INFO = YES;
				ONLY_ACTIVE_ARCH = YES;
				SDKROOT = macosx;
				SWIFT_OPTIMIZATION_LEVEL = "-Onone";
			};
			name = Debug;
		};
		A849BEF81E0D73A5006F7655 /* Release */ = {
			isa = XCBuildConfiguration;
			buildSettings = {
				ALWAYS_SEARCH_USER_PATHS = NO;
				CLANG_ANALYZER_NONNULL = YES;
				CLANG_CXX_LANGUAGE_STANDARD = "gnu++0x";
				CLANG_CXX_LIBRARY = "libc++";
				CLANG_ENABLE_MODULES = YES;
				CLANG_ENABLE_OBJC_ARC = YES;
				CLANG_WARN_BOOL_CONVERSION = YES;
				CLANG_WARN_CONSTANT_CONVERSION = YES;
				CLANG_WARN_DIRECT_OBJC_ISA_USAGE = YES_ERROR;
				CLANG_WARN_DOCUMENTATION_COMMENTS = YES;
				CLANG_WARN_EMPTY_BODY = YES;
				CLANG_WARN_ENUM_CONVERSION = YES;
				CLANG_WARN_INFINITE_RECURSION = YES;
				CLANG_WARN_INT_CONVERSION = YES;
				CLANG_WARN_OBJC_ROOT_CLASS = YES_ERROR;
				CLANG_WARN_SUSPICIOUS_MOVE = YES;
				CLANG_WARN_UNREACHABLE_CODE = YES;
				CLANG_WARN__DUPLICATE_METHOD_MATCH = YES;
				CODE_SIGN_IDENTITY = "-";
				COPY_PHASE_STRIP = NO;
				DEBUG_INFORMATION_FORMAT = "dwarf-with-dsym";
				ENABLE_NS_ASSERTIONS = NO;
				ENABLE_STRICT_OBJC_MSGSEND = YES;
				GCC_C_LANGUAGE_STANDARD = gnu99;
				GCC_NO_COMMON_BLOCKS = YES;
				GCC_WARN_64_TO_32_BIT_CONVERSION = YES;
				GCC_WARN_ABOUT_RETURN_TYPE = YES_ERROR;
				GCC_WARN_UNDECLARED_SELECTOR = YES;
				GCC_WARN_UNINITIALIZED_AUTOS = YES_AGGRESSIVE;
				GCC_WARN_UNUSED_FUNCTION = YES;
				GCC_WARN_UNUSED_VARIABLE = YES;
				MACOSX_DEPLOYMENT_TARGET = 10.11;
				MTL_ENABLE_DEBUG_INFO = NO;
				SDKROOT = macosx;
			};
			name = Release;
		};
		A849BEFA1E0D73A5006F7655 /* Debug */ = {
			isa = XCBuildConfiguration;
			buildSettings = {
				PRODUCT_NAME = "$(TARGET_NAME)";
				SWIFT_VERSION = 3.0;
			};
			name = Debug;
		};
		A849BEFB1E0D73A5006F7655 /* Release */ = {
			isa = XCBuildConfiguration;
			buildSettings = {
				PRODUCT_NAME = "$(TARGET_NAME)";
				SWIFT_VERSION = 3.0;
			};
			name = Release;
		};
/* End XCBuildConfiguration section */

/* Begin XCConfigurationList section */
		A849BEED1E0D73A5006F7655 /* Build configuration list for PBXProject "9-Array" */ = {
			isa = XCConfigurationList;
			buildConfigurations = (
				A849BEF71E0D73A5006F7655 /* Debug */,
				A849BEF81E0D73A5006F7655 /* Release */,
			);
			defaultConfigurationIsVisible = 0;
			defaultConfigurationName = Release;
		};
		A849BEF91E0D73A5006F7655 /* Build configuration list for PBXNativeTarget "9-Array" */ = {
			isa = XCConfigurationList;
			buildConfigurations = (
				A849BEFA1E0D73A5006F7655 /* Debug */,
				A849BEFB1E0D73A5006F7655 /* Release */,
			);
			defaultConfigurationIsVisible = 0;
			defaultConfigurationName = Release;
		};
/* End XCConfigurationList section */
	};
	rootObject = A849BEEA1E0D73A5006F7655 /* Project object */;
}
