// !$*UTF8*$!
{
	archiveVersion = 1;
	classes = {
	};
	objectVersion = 46;
	objects = {

/* Begin PBXBuildFile section */
		A8A124921E29C4EB00D8ED47 /* Convert.swift in Sources */ = {isa = PBXBuildFile; fileRef = A8A124911E29C4EB00D8ED47 /* Convert.swift */; };
		A8F3F50E1E11564B00BB68EF /* HashSearch.swift in Sources */ = {isa = PBXBuildFile; fileRef = A8F3F50D1E11564B00BB68EF /* HashSearch.swift */; };
		C519490C1E7E3D5B00985F57 /* Similarity.swift in Sources */ = {isa = PBXBuildFile; fileRef = C519490B1E7E3D5B00985F57 /* Similarity.swift */; };
		C574D8F81E062EE7006431B3 /* main.swift in Sources */ = {isa = PBXBuildFile; fileRef = C574D8F71E062EE7006431B3 /* main.swift */; };
		C574D8FF1E065858006431B3 /* Permutation.swift in Sources */ = {isa = PBXBuildFile; fileRef = C574D8FE1E065858006431B3 /* Permutation.swift */; };
		C574D9011E068A4D006431B3 /* StringExtension.swift in Sources */ = {isa = PBXBuildFile; fileRef = C574D9001E068A4D006431B3 /* StringExtension.swift */; };
/* End PBXBuildFile section */

/* Begin PBXCopyFilesBuildPhase section */
		C574D8F21E062EE7006431B3 /* CopyFiles */ = {
			isa = PBXCopyFilesBuildPhase;
			buildActionMask = 2147483647;
			dstPath = /usr/share/man/man1/;
			dstSubfolderSpec = 0;
			files = (
			);
			runOnlyForDeploymentPostprocessing = 1;
		};
/* End PBXCopyFilesBuildPhase section */

/* Begin PBXFileReference section */
		A8A124911E29C4EB00D8ED47 /* Convert.swift */ = {isa = PBXFileReference; fileEncoding = 4; lastKnownFileType = sourcecode.swift; path = Convert.swift; sourceTree = "<group>"; };
		A8F3F50D1E11564B00BB68EF /* HashSearch.swift */ = {isa = PBXFileReference; fileEncoding = 4; lastKnownFileType = sourcecode.swift; path = HashSearch.swift; sourceTree = "<group>"; };
		C519490B1E7E3D5B00985F57 /* Similarity.swift */ = {isa = PBXFileReference; fileEncoding = 4; lastKnownFileType = sourcecode.swift; path = Similarity.swift; sourceTree = "<group>"; };
		C574D8F41E062EE7006431B3 /* 7-String */ = {isa = PBXFileReference; explicitFileType = "compiled.mach-o.executable"; includeInIndex = 0; path = "7-String"; sourceTree = BUILT_PRODUCTS_DIR; };
		C574D8F71E062EE7006431B3 /* main.swift */ = {isa = PBXFileReference; lastKnownFileType = sourcecode.swift; path = main.swift; sourceTree = "<group>"; };
		C574D8FE1E065858006431B3 /* Permutation.swift */ = {isa = PBXFileReference; fileEncoding = 4; lastKnownFileType = sourcecode.swift; path = Permutation.swift; sourceTree = "<group>"; };
		C574D9001E068A4D006431B3 /* StringExtension.swift */ = {isa = PBXFileReference; fileEncoding = 4; lastKnownFileType = sourcecode.swift; path = StringExtension.swift; sourceTree = "<group>"; };
/* End PBXFileReference section */

/* Begin PBXFrameworksBuildPhase section */
		C574D8F11E062EE7006431B3 /* Frameworks */ = {
			isa = PBXFrameworksBuildPhase;
			buildActionMask = 2147483647;
			files = (
			);
			runOnlyForDeploymentPostprocessing = 0;
		};
/* End PBXFrameworksBuildPhase section */

/* Begin PBXGroup section */
		C574D8EB1E062EE7006431B3 = {
			isa = PBXGroup;
			children = (
				C574D8F61E062EE7006431B3 /* 7-String */,
				C574D8F51E062EE7006431B3 /* Products */,
			);
			sourceTree = "<group>";
		};
		C574D8F51E062EE7006431B3 /* Products */ = {
			isa = PBXGroup;
			children = (
				C574D8F41E062EE7006431B3 /* 7-String */,
			);
			name = Products;
			sourceTree = "<group>";
		};
		C574D8F61E062EE7006431B3 /* 7-String */ = {
			isa = PBXGroup;
			children = (
				C574D8F71E062EE7006431B3 /* main.swift */,
				C574D8FE1E065858006431B3 /* Permutation.swift */,
				C574D9001E068A4D006431B3 /* StringExtension.swift */,
				A8F3F50D1E11564B00BB68EF /* HashSearch.swift */,
				A8A124911E29C4EB00D8ED47 /* Convert.swift */,
				C519490B1E7E3D5B00985F57 /* Similarity.swift */,
			);
			path = "7-String";
			sourceTree = "<group>";
		};
/* End PBXGroup section */

/* Begin PBXNativeTarget section */
		C574D8F31E062EE7006431B3 /* 7-String */ = {
			isa = PBXNativeTarget;
			buildConfigurationList = C574D8FB1E062EE7006431B3 /* Build configuration list for PBXNativeTarget "7-String" */;
			buildPhases = (
				C574D8F01E062EE7006431B3 /* Sources */,
				C574D8F11E062EE7006431B3 /* Frameworks */,
				C574D8F21E062EE7006431B3 /* CopyFiles */,
			);
			buildRules = (
			);
			dependencies = (
			);
			name = "7-String";
			productName = "7-String";
			productReference = C574D8F41E062EE7006431B3 /* 7-String */;
			productType = "com.apple.product-type.tool";
		};
/* End PBXNativeTarget section */

/* Begin PBXProject section */
		C574D8EC1E062EE7006431B3 /* Project object */ = {
			isa = PBXProject;
			attributes = {
				LastSwiftUpdateCheck = 0810;
				LastUpgradeCheck = 0810;
				ORGANIZATIONNAME = FlyElephant;
				TargetAttributes = {
					C574D8F31E062EE7006431B3 = {
						CreatedOnToolsVersion = 8.1;
						ProvisioningStyle = Automatic;
					};
				};
			};
			buildConfigurationList = C574D8EF1E062EE7006431B3 /* Build configuration list for PBXProject "7-String" */;
			compatibilityVersion = "Xcode 3.2";
			developmentRegion = English;
			hasScannedForEncodings = 0;
			knownRegions = (
				en,
			);
			mainGroup = C574D8EB1E062EE7006431B3;
			productRefGroup = C574D8F51E062EE7006431B3 /* Products */;
			projectDirPath = "";
			projectRoot = "";
			targets = (
				C574D8F31E062EE7006431B3 /* 7-String */,
			);
		};
/* End PBXProject section */

/* Begin PBXSourcesBuildPhase section */
		C574D8F01E062EE7006431B3 /* Sources */ = {
			isa = PBXSourcesBuildPhase;
			buildActionMask = 2147483647;
			files = (
				C519490C1E7E3D5B00985F57 /* Similarity.swift in Sources */,
				C574D8FF1E065858006431B3 /* Permutation.swift in Sources */,
				A8A124921E29C4EB00D8ED47 /* Convert.swift in Sources */,
				A8F3F50E1E11564B00BB68EF /* HashSearch.swift in Sources */,
				C574D8F81E062EE7006431B3 /* main.swift in Sources */,
				C574D9011E068A4D006431B3 /* StringExtension.swift in Sources */,
			);
			runOnlyForDeploymentPostprocessing = 0;
		};
/* End PBXSourcesBuildPhase section */

/* Begin XCBuildConfiguration section */
		C574D8F91E062EE7006431B3 /* Debug */ = {
			isa = XCBuildConfiguration;
			buildSettings = {
				ALWAYS_SEARCH_USER_PATHS = NO;
				CLANG_ANALYZER_NONNULL = YES;
				CLANG_CXX_LANGUAGE_STANDARD = "gnu++0x";
				CLANG_CXX_LIBRARY = "libc++";
				CLANG_ENABLE_MODULES = YES;
				CLANG_ENABLE_OBJC_ARC = YES;
				CLANG_WARN_BOOL_CONVERSION = YES;
				CLANG_WARN_CONSTANT_CONVERSION = YES;
				CLANG_WARN_DIRECT_OBJC_ISA_USAGE = YES_ERROR;
				CLANG_WARN_DOCUMENTATION_COMMENTS = YES;
				CLANG_WARN_EMPTY_BODY = YES;
				CLANG_WARN_ENUM_CONVERSION = YES;
				CLANG_WARN_INFINITE_RECURSION = YES;
				CLANG_WARN_INT_CONVERSION = YES;
				CLANG_WARN_OBJC_ROOT_CLASS = YES_ERROR;
				CLANG_WARN_SUSPICIOUS_MOVES = YES;
				CLANG_WARN_UNREACHABLE_CODE = YES;
				CLANG_WARN__DUPLICATE_METHOD_MATCH = YES;
				CODE_SIGN_IDENTITY = "-";
				COPY_PHASE_STRIP = NO;
				DEBUG_INFORMATION_FORMAT = dwarf;
				ENABLE_STRICT_OBJC_MSGSEND = YES;
				ENABLE_TESTABILITY = YES;
				GCC_C_LANGUAGE_STANDARD = gnu99;
				GCC_DYNAMIC_NO_PIC = NO;
				GCC_NO_COMMON_BLOCKS = YES;
				GCC_OPTIMIZATION_LEVEL = 0;
				GCC_PREPROCESSOR_DEFINITIONS = (
					"DEBUG=1",
					"$(inherited)",
				);
				GCC_WARN_64_TO_32_BIT_CONVERSION = YES;
				GCC_WARN_ABOUT_RETURN_TYPE = YES_ERROR;
				GCC_WARN_UNDECLARED_SELECTOR = YES;
				GCC_WARN_UNINITIALIZED_AUTOS = YES_AGGRESSIVE;
				GCC_WARN_UNUSED_FUNCTION = YES;
				GCC_WARN_UNUSED_VARIABLE = YES;
				MACOSX_DEPLOYMENT_TARGET = 10.12;
				MTL_ENABLE_DEBUG_INFO = YES;
				ONLY_ACTIVE_ARCH = YES;
				SDKROOT = macosx;
				SWIFT_OPTIMIZATION_LEVEL = "-Onone";
			};
			name = Debug;
		};
		C574D8FA1E062EE7006431B3 /* Release */ = {
			isa = XCBuildConfiguration;
			buildSettings = {
				ALWAYS_SEARCH_USER_PATHS = NO;
				CLANG_ANALYZER_NONNULL = YES;
				CLANG_CXX_LANGUAGE_STANDARD = "gnu++0x";
				CLANG_CXX_LIBRARY = "libc++";
				CLANG_ENABLE_MODULES = YES;
				CLANG_ENABLE_OBJC_ARC = YES;
				CLANG_WARN_BOOL_CONVERSION = YES;
				CLANG_WARN_CONSTANT_CONVERSION = YES;
				CLANG_WARN_DIRECT_OBJC_ISA_USAGE = YES_ERROR;
				CLANG_WARN_DOCUMENTATION_COMMENTS = YES;
				CLANG_WARN_EMPTY_BODY = YES;
				CLANG_WARN_ENUM_CONVERSION = YES;
				CLANG_WARN_INFINITE_RECURSION = YES;
				CLANG_WARN_INT_CONVERSION = YES;
				CLANG_WARN_OBJC_ROOT_CLASS = YES_ERROR;
				CLANG_WARN_SUSPICIOUS_MOVES = YES;
				CLANG_WARN_UNREACHABLE_CODE = YES;
				CLANG_WARN__DUPLICATE_METHOD_MATCH = YES;
				CODE_SIGN_IDENTITY = "-";
				COPY_PHASE_STRIP = NO;
				DEBUG_INFORMATION_FORMAT = "dwarf-with-dsym";
				ENABLE_NS_ASSERTIONS = NO;
				ENABLE_STRICT_OBJC_MSGSEND = YES;
				GCC_C_LANGUAGE_STANDARD = gnu99;
				GCC_NO_COMMON_BLOCKS = YES;
				GCC_WARN_64_TO_32_BIT_CONVERSION = YES;
				GCC_WARN_ABOUT_RETURN_TYPE = YES_ERROR;
				GCC_WARN_UNDECLARED_SELECTOR = YES;
				GCC_WARN_UNINITIALIZED_AUTOS = YES_AGGRESSIVE;
				GCC_WARN_UNUSED_FUNCTION = YES;
				GCC_WARN_UNUSED_VARIABLE = YES;
				MACOSX_DEPLOYMENT_TARGET = 10.12;
				MTL_ENABLE_DEBUG_INFO = NO;
				SDKROOT = macosx;
			};
			name = Release;
		};
		C574D8FC1E062EE7006431B3 /* Debug */ = {
			isa = XCBuildConfiguration;
			buildSettings = {
				MACOSX_DEPLOYMENT_TARGET = 10.11;
				PRODUCT_NAME = "$(TARGET_NAME)";
				SWIFT_VERSION = 3.0;
			};
			name = Debug;
		};
		C574D8FD1E062EE7006431B3 /* Release */ = {
			isa = XCBuildConfiguration;
			buildSettings = {
				MACOSX_DEPLOYMENT_TARGET = 10.11;
				PRODUCT_NAME = "$(TARGET_NAME)";
				SWIFT_VERSION = 3.0;
			};
			name = Release;
		};
/* End XCBuildConfiguration section */

/* Begin XCConfigurationList section */
		C574D8EF1E062EE7006431B3 /* Build configuration list for PBXProject "7-String" */ = {
			isa = XCConfigurationList;
			buildConfigurations = (
				C574D8F91E062EE7006431B3 /* Debug */,
				C574D8FA1E062EE7006431B3 /* Release */,
			);
			defaultConfigurationIsVisible = 0;
			defaultConfigurationName = Release;
		};
		C574D8FB1E062EE7006431B3 /* Build configuration list for PBXNativeTarget "7-String" */ = {
			isa = XCConfigurationList;
			buildConfigurations = (
				C574D8FC1E062EE7006431B3 /* Debug */,
				C574D8FD1E062EE7006431B3 /* Release */,
			);
			defaultConfigurationIsVisible = 0;
			defaultConfigurationName = Release;
		};
/* End XCConfigurationList section */
	};
	rootObject = C574D8EC1E062EE7006431B3 /* Project object */;
}
