// !$*UTF8*$!
{
	archiveVersion = 1;
	classes = {
	};
	objectVersion = 46;
	objects = {

/* Begin PBXBuildFile section */
		A8742CB81E0A242700EF30C9 /* main.swift in Sources */ = {isa = PBXBuildFile; fileRef = A8742CB71E0A242700EF30C9 /* main.swift */; };
		A8742D001E0A27A300EF30C9 /* SearchMin.swift in Sources */ = {isa = PBXBuildFile; fileRef = A8742CFF1E0A27A300EF30C9 /* SearchMin.swift */; };
		A8EAC01C1E1B4392005E1747 /* BinarySearch.swift in Sources */ = {isa = PBXBuildFile; fileRef = A8EAC01B1E1B4392005E1747 /* BinarySearch.swift */; };
/* End PBXBuildFile section */

/* Begin PBXCopyFilesBuildPhase section */
		A8742CB21E0A242700EF30C9 /* CopyFiles */ = {
			isa = PBXCopyFilesBuildPhase;
			buildActionMask = 2147483647;
			dstPath = /usr/share/man/man1/;
			dstSubfolderSpec = 0;
			files = (
			);
			runOnlyForDeploymentPostprocessing = 1;
		};
/* End PBXCopyFilesBuildPhase section */

/* Begin PBXFileReference section */
		A8742CB41E0A242700EF30C9 /* 8-Search */ = {isa = PBXFileReference; explicitFileType = "compiled.mach-o.executable"; includeInIndex = 0; path = "8-Search"; sourceTree = BUILT_PRODUCTS_DIR; };
		A8742CB71E0A242700EF30C9 /* main.swift */ = {isa = PBXFileReference; lastKnownFileType = sourcecode.swift; path = main.swift; sourceTree = "<group>"; };
		A8742CFF1E0A27A300EF30C9 /* SearchMin.swift */ = {isa = PBXFileReference; fileEncoding = 4; lastKnownFileType = sourcecode.swift; path = SearchMin.swift; sourceTree = "<group>"; };
		A8EAC01B1E1B4392005E1747 /* BinarySearch.swift */ = {isa = PBXFileReference; fileEncoding = 4; lastKnownFileType = sourcecode.swift; path = BinarySearch.swift; sourceTree = "<group>"; };
/* End PBXFileReference section */

/* Begin PBXFrameworksBuildPhase section */
		A8742CB11E0A242700EF30C9 /* Frameworks */ = {
			isa = PBXFrameworksBuildPhase;
			buildActionMask = 2147483647;
			files = (
			);
			runOnlyForDeploymentPostprocessing = 0;
		};
/* End PBXFrameworksBuildPhase section */

/* Begin PBXGroup section */
		A8742CAB1E0A242700EF30C9 = {
			isa = PBXGroup;
			children = (
				A8742CB61E0A242700EF30C9 /* 8-Search */,
				A8742CB51E0A242700EF30C9 /* Products */,
			);
			sourceTree = "<group>";
		};
		A8742CB51E0A242700EF30C9 /* Products */ = {
			isa = PBXGroup;
			children = (
				A8742CB41E0A242700EF30C9 /* 8-Search */,
			);
			name = Products;
			sourceTree = "<group>";
		};
		A8742CB61E0A242700EF30C9 /* 8-Search */ = {
			isa = PBXGroup;
			children = (
				A8742CB71E0A242700EF30C9 /* main.swift */,
				A8742CFF1E0A27A300EF30C9 /* SearchMin.swift */,
				A8EAC01B1E1B4392005E1747 /* BinarySearch.swift */,
			);
			path = "8-Search";
			sourceTree = "<group>";
		};
/* End PBXGroup section */

/* Begin PBXNativeTarget section */
		A8742CB31E0A242700EF30C9 /* 8-Search */ = {
			isa = PBXNativeTarget;
			buildConfigurationList = A8742CBB1E0A242700EF30C9 /* Build configuration list for PBXNativeTarget "8-Search" */;
			buildPhases = (
				A8742CB01E0A242700EF30C9 /* Sources */,
				A8742CB11E0A242700EF30C9 /* Frameworks */,
				A8742CB21E0A242700EF30C9 /* CopyFiles */,
			);
			buildRules = (
			);
			dependencies = (
			);
			name = "8-Search";
			productName = "8-Search";
			productReference = A8742CB41E0A242700EF30C9 /* 8-Search */;
			productType = "com.apple.product-type.tool";
		};
/* End PBXNativeTarget section */

/* Begin PBXProject section */
		A8742CAC1E0A242700EF30C9 /* Project object */ = {
			isa = PBXProject;
			attributes = {
				LastSwiftUpdateCheck = 0820;
				LastUpgradeCheck = 0820;
				ORGANIZATIONNAME = FlyElephant;
				TargetAttributes = {
					A8742CB31E0A242700EF30C9 = {
						CreatedOnToolsVersion = 8.2;
						ProvisioningStyle = Automatic;
					};
				};
			};
			buildConfigurationList = A8742CAF1E0A242700EF30C9 /* Build configuration list for PBXProject "8-Search" */;
			compatibilityVersion = "Xcode 3.2";
			developmentRegion = English;
			hasScannedForEncodings = 0;
			knownRegions = (
				en,
			);
			mainGroup = A8742CAB1E0A242700EF30C9;
			productRefGroup = A8742CB51E0A242700EF30C9 /* Products */;
			projectDirPath = "";
			projectRoot = "";
			targets = (
				A8742CB31E0A242700EF30C9 /* 8-Search */,
			);
		};
/* End PBXProject section */

/* Begin PBXSourcesBuildPhase section */
		A8742CB01E0A242700EF30C9 /* Sources */ = {
			isa = PBXSourcesBuildPhase;
			buildActionMask = 2147483647;
			files = (
				A8742D001E0A27A300EF30C9 /* SearchMin.swift in Sources */,
				A8742CB81E0A242700EF30C9 /* main.swift in Sources */,
				A8EAC01C1E1B4392005E1747 /* BinarySearch.swift in Sources */,
			);
			runOnlyForDeploymentPostprocessing = 0;
		};
/* End PBXSourcesBuildPhase section */

/* Begin XCBuildConfiguration section */
		A8742CB91E0A242700EF30C9 /* Debug */ = {
			isa = XCBuildConfiguration;
			buildSettings = {
				ALWAYS_SEARCH_USER_PATHS = NO;
				CLANG_ANALYZER_NONNULL = YES;
				CLANG_CXX_LANGUAGE_STANDARD = "gnu++0x";
				CLANG_CXX_LIBRARY = "libc++";
				CLANG_ENABLE_MODULES = YES;
				CLANG_ENABLE_OBJC_ARC = YES;
				CLANG_WARN_BOOL_CONVERSION = YES;
				CLANG_WARN_CONSTANT_CONVERSION = YES;
				CLANG_WARN_DIRECT_OBJC_ISA_USAGE = YES_ERROR;
				CLANG_WARN_DOCUMENTATION_COMMENTS = YES;
				CLANG_WARN_EMPTY_BODY = YES;
				CLANG_WARN_ENUM_CONVERSION = YES;
				CLANG_WARN_INFINITE_RECURSION = YES;
				CLANG_WARN_INT_CONVERSION = YES;
				CLANG_WARN_OBJC_ROOT_CLASS = YES_ERROR;
				CLANG_WARN_SUSPICIOUS_MOVE = YES;
				CLANG_WARN_UNREACHABLE_CODE = YES;
				CLANG_WARN__DUPLICATE_METHOD_MATCH = YES;
				CODE_SIGN_IDENTITY = "-";
				COPY_PHASE_STRIP = NO;
				DEBUG_INFORMATION_FORMAT = dwarf;
				ENABLE_STRICT_OBJC_MSGSEND = YES;
				ENABLE_TESTABILITY = YES;
				GCC_C_LANGUAGE_STANDARD = gnu99;
				GCC_DYNAMIC_NO_PIC = NO;
				GCC_NO_COMMON_BLOCKS = YES;
				GCC_OPTIMIZATION_LEVEL = 0;
				GCC_PREPROCESSOR_DEFINITIONS = (
					"DEBUG=1",
					"$(inherited)",
				);
				GCC_WARN_64_TO_32_BIT_CONVERSION = YES;
				GCC_WARN_ABOUT_RETURN_TYPE = YES_ERROR;
				GCC_WARN_UNDECLARED_SELECTOR = YES;
				GCC_WARN_UNINITIALIZED_AUTOS = YES_AGGRESSIVE;
				GCC_WARN_UNUSED_FUNCTION = YES;
				GCC_WARN_UNUSED_VARIABLE = YES;
				MACOSX_DEPLOYMENT_TARGET = 10.11;
				MTL_ENABLE_DEBUG_INFO = YES;
				ONLY_ACTIVE_ARCH = YES;
				SDKROOT = macosx;
				SWIFT_OPTIMIZATION_LEVEL = "-Onone";
			};
			name = Debug;
		};
		A8742CBA1E0A242700EF30C9 /* Release */ = {
			isa = XCBuildConfiguration;
			buildSettings = {
				ALWAYS_SEARCH_USER_PATHS = NO;
				CLANG_ANALYZER_NONNULL = YES;
				CLANG_CXX_LANGUAGE_STANDARD = "gnu++0x";
				CLANG_CXX_LIBRARY = "libc++";
				CLANG_ENABLE_MODULES = YES;
				CLANG_ENABLE_OBJC_ARC = YES;
				CLANG_WARN_BOOL_CONVERSION = YES;
				CLANG_WARN_CONSTANT_CONVERSION = YES;
				CLANG_WARN_DIRECT_OBJC_ISA_USAGE = YES_ERROR;
				CLANG_WARN_DOCUMENTATION_COMMENTS = YES;
				CLANG_WARN_EMPTY_BODY = YES;
				CLANG_WARN_ENUM_CONVERSION = YES;
				CLANG_WARN_INFINITE_RECURSION = YES;
				CLANG_WARN_INT_CONVERSION = YES;
				CLANG_WARN_OBJC_ROOT_CLASS = YES_ERROR;
				CLANG_WARN_SUSPICIOUS_MOVE = YES;
				CLANG_WARN_UNREACHABLE_CODE = YES;
				CLANG_WARN__DUPLICATE_METHOD_MATCH = YES;
				CODE_SIGN_IDENTITY = "-";
				COPY_PHASE_STRIP = NO;
				DEBUG_INFORMATION_FORMAT = "dwarf-with-dsym";
				ENABLE_NS_ASSERTIONS = NO;
				ENABLE_STRICT_OBJC_MSGSEND = YES;
				GCC_C_LANGUAGE_STANDARD = gnu99;
				GCC_NO_COMMON_BLOCKS = YES;
				GCC_WARN_64_TO_32_BIT_CONVERSION = YES;
				GCC_WARN_ABOUT_RETURN_TYPE = YES_ERROR;
				GCC_WARN_UNDECLARED_SELECTOR = YES;
				GCC_WARN_UNINITIALIZED_AUTOS = YES_AGGRESSIVE;
				GCC_WARN_UNUSED_FUNCTION = YES;
				GCC_WARN_UNUSED_VARIABLE = YES;
				MACOSX_DEPLOYMENT_TARGET = 10.11;
				MTL_ENABLE_DEBUG_INFO = NO;
				SDKROOT = macosx;
			};
			name = Release;
		};
		A8742CBC1E0A242700EF30C9 /* Debug */ = {
			isa = XCBuildConfiguration;
			buildSettings = {
				PRODUCT_NAME = "$(TARGET_NAME)";
				SWIFT_VERSION = 3.0;
			};
			name = Debug;
		};
		A8742CBD1E0A242700EF30C9 /* Release */ = {
			isa = XCBuildConfiguration;
			buildSettings = {
				PRODUCT_NAME = "$(TARGET_NAME)";
				SWIFT_VERSION = 3.0;
			};
			name = Release;
		};
/* End XCBuildConfiguration section */

/* Begin XCConfigurationList section */
		A8742CAF1E0A242700EF30C9 /* Build configuration list for PBXProject "8-Search" */ = {
			isa = XCConfigurationList;
			buildConfigurations = (
				A8742CB91E0A242700EF30C9 /* Debug */,
				A8742CBA1E0A242700EF30C9 /* Release */,
			);
			defaultConfigurationIsVisible = 0;
			defaultConfigurationName = Release;
		};
		A8742CBB1E0A242700EF30C9 /* Build configuration list for PBXNativeTarget "8-Search" */ = {
			isa = XCConfigurationList;
			buildConfigurations = (
				A8742CBC1E0A242700EF30C9 /* Debug */,
				A8742CBD1E0A242700EF30C9 /* Release */,
			);
			defaultConfigurationIsVisible = 0;
			defaultConfigurationName = Release;
		};
/* End XCConfigurationList section */
	};
	rootObject = A8742CAC1E0A242700EF30C9 /* Project object */;
}
