// !$*UTF8*$!
{
	archiveVersion = 1;
	classes = {
	};
	objectVersion = 46;
	objects = {

/* Begin PBXBuildFile section */
		A821AD111E6657A500932E45 /* BigNumber.swift in Sources */ = {isa = PBXBuildFile; fileRef = A821AD101E6657A500932E45 /* BigNumber.swift */; };
		A89512E71E64FF6500AF0DCF /* main.swift in Sources */ = {isa = PBXBuildFile; fileRef = A89512E61E64FF6500AF0DCF /* main.swift */; };
		A89512EE1E64FF9400AF0DCF /* Factorial.swift in Sources */ = {isa = PBXBuildFile; fileRef = A89512ED1E64FF9400AF0DCF /* Factorial.swift */; };
		A89512F01E6573DF00AF0DCF /* FEArray.swift in Sources */ = {isa = PBXBuildFile; fileRef = A89512EF1E6573DF00AF0DCF /* FEArray.swift */; };
		A89512F21E657EED00AF0DCF /* Statistics.swift in Sources */ = {isa = PBXBuildFile; fileRef = A89512F11E657EED00AF0DCF /* Statistics.swift */; };
/* End PBXBuildFile section */

/* Begin PBXCopyFilesBuildPhase section */
		A89512E11E64FF6500AF0DCF /* CopyFiles */ = {
			isa = PBXCopyFilesBuildPhase;
			buildActionMask = 2147483647;
			dstPath = /usr/share/man/man1/;
			dstSubfolderSpec = 0;
			files = (
			);
			runOnlyForDeploymentPostprocessing = 1;
		};
/* End PBXCopyFilesBuildPhase section */

/* Begin PBXFileReference section */
		A821AD101E6657A500932E45 /* BigNumber.swift */ = {isa = PBXFileReference; fileEncoding = 4; lastKnownFileType = sourcecode.swift; path = BigNumber.swift; sourceTree = "<group>"; };
		A89512E31E64FF6500AF0DCF /* 10-Number */ = {isa = PBXFileReference; explicitFileType = "compiled.mach-o.executable"; includeInIndex = 0; path = "10-Number"; sourceTree = BUILT_PRODUCTS_DIR; };
		A89512E61E64FF6500AF0DCF /* main.swift */ = {isa = PBXFileReference; lastKnownFileType = sourcecode.swift; path = main.swift; sourceTree = "<group>"; };
		A89512ED1E64FF9400AF0DCF /* Factorial.swift */ = {isa = PBXFileReference; fileEncoding = 4; lastKnownFileType = sourcecode.swift; path = Factorial.swift; sourceTree = "<group>"; };
		A89512EF1E6573DF00AF0DCF /* FEArray.swift */ = {isa = PBXFileReference; fileEncoding = 4; lastKnownFileType = sourcecode.swift; path = FEArray.swift; sourceTree = "<group>"; };
		A89512F11E657EED00AF0DCF /* Statistics.swift */ = {isa = PBXFileReference; fileEncoding = 4; lastKnownFileType = sourcecode.swift; path = Statistics.swift; sourceTree = "<group>"; };
/* End PBXFileReference section */

/* Begin PBXFrameworksBuildPhase section */
		A89512E01E64FF6500AF0DCF /* Frameworks */ = {
			isa = PBXFrameworksBuildPhase;
			buildActionMask = 2147483647;
			files = (
			);
			runOnlyForDeploymentPostprocessing = 0;
		};
/* End PBXFrameworksBuildPhase section */

/* Begin PBXGroup section */
		A89512DA1E64FF6500AF0DCF = {
			isa = PBXGroup;
			children = (
				A89512E51E64FF6500AF0DCF /* 10-Number */,
				A89512E41E64FF6500AF0DCF /* Products */,
			);
			sourceTree = "<group>";
		};
		A89512E41E64FF6500AF0DCF /* Products */ = {
			isa = PBXGroup;
			children = (
				A89512E31E64FF6500AF0DCF /* 10-Number */,
			);
			name = Products;
			sourceTree = "<group>";
		};
		A89512E51E64FF6500AF0DCF /* 10-Number */ = {
			isa = PBXGroup;
			children = (
				A89512E61E64FF6500AF0DCF /* main.swift */,
				A89512ED1E64FF9400AF0DCF /* Factorial.swift */,
				A89512EF1E6573DF00AF0DCF /* FEArray.swift */,
				A89512F11E657EED00AF0DCF /* Statistics.swift */,
				A821AD101E6657A500932E45 /* BigNumber.swift */,
			);
			path = "10-Number";
			sourceTree = "<group>";
		};
/* End PBXGroup section */

/* Begin PBXNativeTarget section */
		A89512E21E64FF6500AF0DCF /* 10-Number */ = {
			isa = PBXNativeTarget;
			buildConfigurationList = A89512EA1E64FF6500AF0DCF /* Build configuration list for PBXNativeTarget "10-Number" */;
			buildPhases = (
				A89512DF1E64FF6500AF0DCF /* Sources */,
				A89512E01E64FF6500AF0DCF /* Frameworks */,
				A89512E11E64FF6500AF0DCF /* CopyFiles */,
			);
			buildRules = (
			);
			dependencies = (
			);
			name = "10-Number";
			productName = "10-Number";
			productReference = A89512E31E64FF6500AF0DCF /* 10-Number */;
			productType = "com.apple.product-type.tool";
		};
/* End PBXNativeTarget section */

/* Begin PBXProject section */
		A89512DB1E64FF6500AF0DCF /* Project object */ = {
			isa = PBXProject;
			attributes = {
				LastSwiftUpdateCheck = 0820;
				LastUpgradeCheck = 0820;
				ORGANIZATIONNAME = FlyElephant;
				TargetAttributes = {
					A89512E21E64FF6500AF0DCF = {
						CreatedOnToolsVersion = 8.2;
						ProvisioningStyle = Automatic;
					};
				};
			};
			buildConfigurationList = A89512DE1E64FF6500AF0DCF /* Build configuration list for PBXProject "10-Number" */;
			compatibilityVersion = "Xcode 3.2";
			developmentRegion = English;
			hasScannedForEncodings = 0;
			knownRegions = (
				en,
			);
			mainGroup = A89512DA1E64FF6500AF0DCF;
			productRefGroup = A89512E41E64FF6500AF0DCF /* Products */;
			projectDirPath = "";
			projectRoot = "";
			targets = (
				A89512E21E64FF6500AF0DCF /* 10-Number */,
			);
		};
/* End PBXProject section */

/* Begin PBXSourcesBuildPhase section */
		A89512DF1E64FF6500AF0DCF /* Sources */ = {
			isa = PBXSourcesBuildPhase;
			buildActionMask = 2147483647;
			files = (
				A89512E71E64FF6500AF0DCF /* main.swift in Sources */,
				A89512EE1E64FF9400AF0DCF /* Factorial.swift in Sources */,
				A821AD111E6657A500932E45 /* BigNumber.swift in Sources */,
				A89512F21E657EED00AF0DCF /* Statistics.swift in Sources */,
				A89512F01E6573DF00AF0DCF /* FEArray.swift in Sources */,
			);
			runOnlyForDeploymentPostprocessing = 0;
		};
/* End PBXSourcesBuildPhase section */

/* Begin XCBuildConfiguration section */
		A89512E81E64FF6500AF0DCF /* Debug */ = {
			isa = XCBuildConfiguration;
			buildSettings = {
				ALWAYS_SEARCH_USER_PATHS = NO;
				CLANG_ANALYZER_NONNULL = YES;
				CLANG_CXX_LANGUAGE_STANDARD = "gnu++0x";
				CLANG_CXX_LIBRARY = "libc++";
				CLANG_ENABLE_MODULES = YES;
				CLANG_ENABLE_OBJC_ARC = YES;
				CLANG_WARN_BOOL_CONVERSION = YES;
				CLANG_WARN_CONSTANT_CONVERSION = YES;
				CLANG_WARN_DIRECT_OBJC_ISA_USAGE = YES_ERROR;
				CLANG_WARN_DOCUMENTATION_COMMENTS = YES;
				CLANG_WARN_EMPTY_BODY = YES;
				CLANG_WARN_ENUM_CONVERSION = YES;
				CLANG_WARN_INFINITE_RECURSION = YES;
				CLANG_WARN_INT_CONVERSION = YES;
				CLANG_WARN_OBJC_ROOT_CLASS = YES_ERROR;
				CLANG_WARN_SUSPICIOUS_MOVE = YES;
				CLANG_WARN_UNREACHABLE_CODE = YES;
				CLANG_WARN__DUPLICATE_METHOD_MATCH = YES;
				CODE_SIGN_IDENTITY = "-";
				COPY_PHASE_STRIP = NO;
				DEBUG_INFORMATION_FORMAT = dwarf;
				ENABLE_STRICT_OBJC_MSGSEND = YES;
				ENABLE_TESTABILITY = YES;
				GCC_C_LANGUAGE_STANDARD = gnu99;
				GCC_DYNAMIC_NO_PIC = NO;
				GCC_NO_COMMON_BLOCKS = YES;
				GCC_OPTIMIZATION_LEVEL = 0;
				GCC_PREPROCESSOR_DEFINITIONS = (
					"DEBUG=1",
					"$(inherited)",
				);
				GCC_WARN_64_TO_32_BIT_CONVERSION = YES;
				GCC_WARN_ABOUT_RETURN_TYPE = YES_ERROR;
				GCC_WARN_UNDECLARED_SELECTOR = YES;
				GCC_WARN_UNINITIALIZED_AUTOS = YES_AGGRESSIVE;
				GCC_WARN_UNUSED_FUNCTION = YES;
				GCC_WARN_UNUSED_VARIABLE = YES;
				MACOSX_DEPLOYMENT_TARGET = 10.11;
				MTL_ENABLE_DEBUG_INFO = YES;
				ONLY_ACTIVE_ARCH = YES;
				SDKROOT = macosx;
				SWIFT_OPTIMIZATION_LEVEL = "-Onone";
			};
			name = Debug;
		};
		A89512E91E64FF6500AF0DCF /* Release */ = {
			isa = XCBuildConfiguration;
			buildSettings = {
				ALWAYS_SEARCH_USER_PATHS = NO;
				CLANG_ANALYZER_NONNULL = YES;
				CLANG_CXX_LANGUAGE_STANDARD = "gnu++0x";
				CLANG_CXX_LIBRARY = "libc++";
				CLANG_ENABLE_MODULES = YES;
				CLANG_ENABLE_OBJC_ARC = YES;
				CLANG_WARN_BOOL_CONVERSION = YES;
				CLANG_WARN_CONSTANT_CONVERSION = YES;
				CLANG_WARN_DIRECT_OBJC_ISA_USAGE = YES_ERROR;
				CLANG_WARN_DOCUMENTATION_COMMENTS = YES;
				CLANG_WARN_EMPTY_BODY = YES;
				CLANG_WARN_ENUM_CONVERSION = YES;
				CLANG_WARN_INFINITE_RECURSION = YES;
				CLANG_WARN_INT_CONVERSION = YES;
				CLANG_WARN_OBJC_ROOT_CLASS = YES_ERROR;
				CLANG_WARN_SUSPICIOUS_MOVE = YES;
				CLANG_WARN_UNREACHABLE_CODE = YES;
				CLANG_WARN__DUPLICATE_METHOD_MATCH = YES;
				CODE_SIGN_IDENTITY = "-";
				COPY_PHASE_STRIP = NO;
				DEBUG_INFORMATION_FORMAT = "dwarf-with-dsym";
				ENABLE_NS_ASSERTIONS = NO;
				ENABLE_STRICT_OBJC_MSGSEND = YES;
				GCC_C_LANGUAGE_STANDARD = gnu99;
				GCC_NO_COMMON_BLOCKS = YES;
				GCC_WARN_64_TO_32_BIT_CONVERSION = YES;
				GCC_WARN_ABOUT_RETURN_TYPE = YES_ERROR;
				GCC_WARN_UNDECLARED_SELECTOR = YES;
				GCC_WARN_UNINITIALIZED_AUTOS = YES_AGGRESSIVE;
				GCC_WARN_UNUSED_FUNCTION = YES;
				GCC_WARN_UNUSED_VARIABLE = YES;
				MACOSX_DEPLOYMENT_TARGET = 10.11;
				MTL_ENABLE_DEBUG_INFO = NO;
				SDKROOT = macosx;
			};
			name = Release;
		};
		A89512EB1E64FF6500AF0DCF /* Debug */ = {
			isa = XCBuildConfiguration;
			buildSettings = {
				PRODUCT_NAME = "$(TARGET_NAME)";
				SWIFT_VERSION = 3.0;
			};
			name = Debug;
		};
		A89512EC1E64FF6500AF0DCF /* Release */ = {
			isa = XCBuildConfiguration;
			buildSettings = {
				PRODUCT_NAME = "$(TARGET_NAME)";
				SWIFT_VERSION = 3.0;
			};
			name = Release;
		};
/* End XCBuildConfiguration section */

/* Begin XCConfigurationList section */
		A89512DE1E64FF6500AF0DCF /* Build configuration list for PBXProject "10-Number" */ = {
			isa = XCConfigurationList;
			buildConfigurations = (
				A89512E81E64FF6500AF0DCF /* Debug */,
				A89512E91E64FF6500AF0DCF /* Release */,
			);
			defaultConfigurationIsVisible = 0;
			defaultConfigurationName = Release;
		};
		A89512EA1E64FF6500AF0DCF /* Build configuration list for PBXNativeTarget "10-Number" */ = {
			isa = XCConfigurationList;
			buildConfigurations = (
				A89512EB1E64FF6500AF0DCF /* Debug */,
				A89512EC1E64FF6500AF0DCF /* Release */,
			);
			defaultConfigurationIsVisible = 0;
			defaultConfigurationName = Release;
		};
/* End XCConfigurationList section */
	};
	rootObject = A89512DB1E64FF6500AF0DCF /* Project object */;
}
